
Microsoft Visual Studio Solution File, Format Version 12.00
# Visual Studio Version 16
VisualStudioVersion = 16.0.30225.117
MinimumVisualStudioVersion = 10.0.40219.1
Project("{9A19103F-16F7-4668-BE54-9A1E7A4F7556}") = "Web", "Web\Web.csproj", "{5A401363-B14E-47F1-A445-6EEA6A61148A}"
EndProject
Project("{9A19103F-16F7-4668-BE54-9A1E7A4F7556}") = "DataAccessLayer", "DataAccessLayer\DataAccessLayer.csproj", "{671D0897-D2B6-4598-B1FA-DE3176776FD0}"
EndProject
Project("{9A19103F-16F7-4668-BE54-9A1E7A4F7556}") = "RepositoryLayer", "RepositoryLayer\RepositoryLayer.csproj", "{2F68C0C5-92CD-48D7-A1C5-2B9B1913F77E}"
EndProject
Project("{9A19103F-16F7-4668-BE54-9A1E7A4F7556}") = "ServiceLayer", "ServiceLayer\ServiceLayer.csproj", "{AD7600B4-627E-4258-B723-288DC3F53ED3}"
EndProject
Project("{FAE04EC0-301F-11D3-BF4B-00C04F79EFBC}") = "Tests", "Tests\Tests.csproj", "{642E74ED-2119-4E71-AB76-E50DBEAD5CEF}"
EndProject
Global
	GlobalSection(SolutionConfigurationPlatforms) = preSolution
		Debug|Any CPU = Debug|Any CPU
		Release|Any CPU = Release|Any CPU
	EndGlobalSection
	GlobalSection(ProjectConfigurationPlatforms) = postSolution
		{5A401363-B14E-47F1-A445-6EEA6A61148A}.Debug|Any CPU.ActiveCfg = Debug|Any CPU
		{5A401363-B14E-47F1-A445-6EEA6A61148A}.Debug|Any CPU.Build.0 = Debug|Any CPU
		{5A401363-B14E-47F1-A445-6EEA6A61148A}.Release|Any CPU.ActiveCfg = Release|Any CPU
		{5A401363-B14E-47F1-A445-6EEA6A61148A}.Release|Any CPU.Build.0 = Release|Any CPU
		{671D0897-D2B6-4598-B1FA-DE3176776FD0}.Debug|Any CPU.ActiveCfg = Debug|Any CPU
		{671D0897-D2B6-4598-B1FA-DE3176776FD0}.Debug|Any CPU.Build.0 = Debug|Any CPU
		{671D0897-D2B6-4598-B1FA-DE3176776FD0}.Release|Any CPU.ActiveCfg = Release|Any CPU
		{671D0897-D2B6-4598-B1FA-DE3176776FD0}.Release|Any CPU.Build.0 = Release|Any CPU
		{2F68C0C5-92CD-48D7-A1C5-2B9B1913F77E}.Debug|Any CPU.ActiveCfg = Debug|Any CPU
		{2F68C0C5-92CD-48D7-A1C5-2B9B1913F77E}.Debug|Any CPU.Build.0 = Debug|Any CPU
		{2F68C0C5-92CD-48D7-A1C5-2B9B1913F77E}.Release|Any CPU.ActiveCfg = Release|Any CPU
		{2F68C0C5-92CD-48D7-A1C5-2B9B1913F77E}.Release|Any CPU.Build.0 = Release|Any CPU
		{AD7600B4-627E-4258-B723-288DC3F53ED3}.Debug|Any CPU.ActiveCfg = Debug|Any CPU
		{AD7600B4-627E-4258-B723-288DC3F53ED3}.Debug|Any CPU.Build.0 = Debug|Any CPU
		{AD7600B4-627E-4258-B723-288DC3F53ED3}.Release|Any CPU.ActiveCfg = Release|Any CPU
		{AD7600B4-627E-4258-B723-288DC3F53ED3}.Release|Any CPU.Build.0 = Release|Any CPU
		{642E74ED-2119-4E71-AB76-E50DBEAD5CEF}.Debug|Any CPU.ActiveCfg = Debug|Any CPU
		{642E74ED-2119-4E71-AB76-E50DBEAD5CEF}.Debug|Any CPU.Build.0 = Debug|Any CPU
		{642E74ED-2119-4E71-AB76-E50DBEAD5CEF}.Release|Any CPU.ActiveCfg = Release|Any CPU
		{642E74ED-2119-4E71-AB76-E50DBEAD5CEF}.Release|Any CPU.Build.0 = Release|Any CPU
	EndGlobalSection
	GlobalSection(SolutionProperties) = preSolution
		HideSolutionNode = FALSE
	EndGlobalSection
	GlobalSection(ExtensibilityGlobals) = postSolution
		SolutionGuid = {56F2E181-10C3-4B5A-93F9-4984BDF4A5BE}
	EndGlobalSection
EndGlobal
